
Microsoft Visual Studio Solution File, Format Version 12.00
# Visual Studio Version 17
VisualStudioVersion = 17.5.33424.131
MinimumVisualStudioVersion = 10.0.40219.1
Project("{FAE04EC0-301F-11D3-BF4B-00C04F79EFBC}") = "Schachbrett", "Schachbrett\Schachbrett.csproj", "{0D63E121-E6A4-46CC-B91C-F1768113BCE9}"
EndProject
Global
	GlobalSection(SolutionConfigurationPlatforms) = preSolution
		Debug|Any CPU = Debug|Any CPU
		Release|Any CPU = Release|Any CPU
	EndGlobalSection
	GlobalSection(ProjectConfigurationPlatforms) = postSolution
		{0D63E121-E6A4-46CC-B91C-F1768113BCE9}.Debug|Any CPU.ActiveCfg = Debug|Any CPU
		{0D63E121-E6A4-46CC-B91C-F1768113BCE9}.Debug|Any CPU.Build.0 = Debug|Any CPU
		{0D63E121-E6A4-46CC-B91C-F1768113BCE9}.Release|Any CPU.ActiveCfg = Release|Any CPU
		{0D63E121-E6A4-46CC-B91C-F1768113BCE9}.Release|Any CPU.Build.0 = Release|Any CPU
	EndGlobalSection
	GlobalSection(SolutionProperties) = preSolution
		HideSolutionNode = FALSE
	EndGlobalSection
	GlobalSection(ExtensibilityGlobals) = postSolution
		SolutionGuid = {D7F1C372-64F4-4CA6-A007-72CE7967862C}
	EndGlobalSection
EndGlobal
